
Microsoft Visual Studio Solution File, Format Version 12.00
# Visual Studio Version 17
VisualStudioVersion = 17.11.35208.52
MinimumVisualStudioVersion = 10.0.40219.1
Project("{FAE04EC0-301F-11D3-BF4B-00C04F79EFBC}") = "HigherOrderFunction2", "HigherOrderFunction2.csproj", "{6EEA2033-ADF9-4459-B14C-F13127FC89EE}"
EndProject
Global
	GlobalSection(SolutionConfigurationPlatforms) = preSolution
		Debug|Any CPU = Debug|Any CPU
		Release|Any CPU = Release|Any CPU
	EndGlobalSection
	GlobalSection(ProjectConfigurationPlatforms) = postSolution
		{6EEA2033-ADF9-4459-B14C-F13127FC89EE}.Debug|Any CPU.ActiveCfg = Debug|Any CPU
		{6EEA2033-ADF9-4459-B14C-F13127FC89EE}.Debug|Any CPU.Build.0 = Debug|Any CPU
		{6EEA2033-ADF9-4459-B14C-F13127FC89EE}.Release|Any CPU.ActiveCfg = Release|Any CPU
		{6EEA2033-ADF9-4459-B14C-F13127FC89EE}.Release|Any CPU.Build.0 = Release|Any CPU
	EndGlobalSection
	GlobalSection(SolutionProperties) = preSolution
		HideSolutionNode = FALSE
	EndGlobalSection
	GlobalSection(ExtensibilityGlobals) = postSolution
		SolutionGuid = {A56F2B65-0FCB-4D10-B7ED-FAD0499608F0}
	EndGlobalSection
EndGlobal
